// !$*UTF8*$!
{
	archiveVersion = 1;
	classes = {
	};
	objectVersion = 56;
	objects = {

/* Begin PBXBuildFile section */
		349146272AD371C000858C71 /* PizzaTableViewCell.swift in Sources */ = {isa = PBXBuildFile; fileRef = 349146262AD371BF00858C71 /* PizzaTableViewCell.swift */; };
		349ECF182AD333DF0010E489 /* PizzaCreatorViewController.swift in Sources */ = {isa = PBXBuildFile; fileRef = 349ECF172AD333DF0010E489 /* PizzaCreatorViewController.swift */; };
		34C4867D2ACA6EE000093D66 /* AppDelegate.swift in Sources */ = {isa = PBXBuildFile; fileRef = 34C4867C2ACA6EE000093D66 /* AppDelegate.swift */; };
		34C4867F2ACA6EE000093D66 /* SceneDelegate.swift in Sources */ = {isa = PBXBuildFile; fileRef = 34C4867E2ACA6EE000093D66 /* SceneDelegate.swift */; };
		34C486812ACA6EE000093D66 /* ViewController.swift in Sources */ = {isa = PBXBuildFile; fileRef = 34C486802ACA6EE000093D66 /* ViewController.swift */; };
		34C486842ACA6EE000093D66 /* Main.storyboard in Resources */ = {isa = PBXBuildFile; fileRef = 34C486822ACA6EE000093D66 /* Main.storyboard */; };
		34C486872ACA6EE000093D66 /* PadlanDanica_HW5.xcdatamodeld in Sources */ = {isa = PBXBuildFile; fileRef = 34C486852ACA6EE000093D66 /* PadlanDanica_HW5.xcdatamodeld */; };
		34C486892ACA6EE200093D66 /* Assets.xcassets in Resources */ = {isa = PBXBuildFile; fileRef = 34C486882ACA6EE200093D66 /* Assets.xcassets */; };
		34C4868C2ACA6EE200093D66 /* LaunchScreen.storyboard in Resources */ = {isa = PBXBuildFile; fileRef = 34C4868A2ACA6EE200093D66 /* LaunchScreen.storyboard */; };
		34C486952ACA78DD00093D66 /* Pizza.swift in Sources */ = {isa = PBXBuildFile; fileRef = 34C486942ACA78DD00093D66 /* Pizza.swift */; };
/* End PBXBuildFile section */

/* Begin PBXFileReference section */
		349146262AD371BF00858C71 /* PizzaTableViewCell.swift */ = {isa = PBXFileReference; lastKnownFileType = sourcecode.swift; path = PizzaTableViewCell.swift; sourceTree = "<group>"; };
		349ECF172AD333DF0010E489 /* PizzaCreatorViewController.swift */ = {isa = PBXFileReference; lastKnownFileType = sourcecode.swift; path = PizzaCreatorViewController.swift; sourceTree = "<group>"; };
		34C486792ACA6EE000093D66 /* PadlanDanica-HW5.app */ = {isa = PBXFileReference; explicitFileType = wrapper.application; includeInIndex = 0; path = "PadlanDanica-HW5.app"; sourceTree = BUILT_PRODUCTS_DIR; };
		34C4867C2ACA6EE000093D66 /* AppDelegate.swift */ = {isa = PBXFileReference; lastKnownFileType = sourcecode.swift; path = AppDelegate.swift; sourceTree = "<group>"; };
		34C4867E2ACA6EE000093D66 /* SceneDelegate.swift */ = {isa = PBXFileReference; lastKnownFileType = sourcecode.swift; path = SceneDelegate.swift; sourceTree = "<group>"; };
		34C486802ACA6EE000093D66 /* ViewController.swift */ = {isa = PBXFileReference; lastKnownFileType = sourcecode.swift; path = ViewController.swift; sourceTree = "<group>"; };
		34C486832ACA6EE000093D66 /* Base */ = {isa = PBXFileReference; lastKnownFileType = file.storyboard; name = Base; path = Base.lproj/Main.storyboard; sourceTree = "<group>"; };
		34C486862ACA6EE000093D66 /* PadlanDanica_HW5.xcdatamodel */ = {isa = PBXFileReference; lastKnownFileType = wrapper.xcdatamodel; path = PadlanDanica_HW5.xcdatamodel; sourceTree = "<group>"; };
		34C486882ACA6EE200093D66 /* Assets.xcassets */ = {isa = PBXFileReference; lastKnownFileType = folder.assetcatalog; path = Assets.xcassets; sourceTree = "<group>"; };
		34C4868B2ACA6EE200093D66 /* Base */ = {isa = PBXFileReference; lastKnownFileType = file.storyboard; name = Base; path = Base.lproj/LaunchScreen.storyboard; sourceTree = "<group>"; };
		34C4868D2ACA6EE200093D66 /* Info.plist */ = {isa = PBXFileReference; lastKnownFileType = text.plist.xml; path = Info.plist; sourceTree = "<group>"; };
		34C486942ACA78DD00093D66 /* Pizza.swift */ = {isa = PBXFileReference; lastKnownFileType = sourcecode.swift; path = Pizza.swift; sourceTree = "<group>"; };
/* End PBXFileReference section */

/* Begin PBXFrameworksBuildPhase section */
		34C486762ACA6EE000093D66 /* Frameworks */ = {
			isa = PBXFrameworksBuildPhase;
			buildActionMask = 2147483647;
			files = (
			);
			runOnlyForDeploymentPostprocessing = 0;
		};
/* End PBXFrameworksBuildPhase section */

/* Begin PBXGroup section */
		34C486702ACA6EE000093D66 = {
			isa = PBXGroup;
			children = (
				34C4867B2ACA6EE000093D66 /* PadlanDanica-HW5 */,
				34C4867A2ACA6EE000093D66 /* Products */,
			);
			sourceTree = "<group>";
		};
		34C4867A2ACA6EE000093D66 /* Products */ = {
			isa = PBXGroup;
			children = (
				34C486792ACA6EE000093D66 /* PadlanDanica-HW5.app */,
			);
			name = Products;
			sourceTree = "<group>";
		};
		34C4867B2ACA6EE000093D66 /* PadlanDanica-HW5 */ = {
			isa = PBXGroup;
			children = (
				34C486932ACA78B900093D66 /* New Group */,
				34C4867C2ACA6EE000093D66 /* AppDelegate.swift */,
				34C4867E2ACA6EE000093D66 /* SceneDelegate.swift */,
				34C486802ACA6EE000093D66 /* ViewController.swift */,
				349146262AD371BF00858C71 /* PizzaTableViewCell.swift */,
				349ECF172AD333DF0010E489 /* PizzaCreatorViewController.swift */,
				34C486942ACA78DD00093D66 /* Pizza.swift */,
				34C486822ACA6EE000093D66 /* Main.storyboard */,
				34C486882ACA6EE200093D66 /* Assets.xcassets */,
				34C4868A2ACA6EE200093D66 /* LaunchScreen.storyboard */,
				34C4868D2ACA6EE200093D66 /* Info.plist */,
				34C486852ACA6EE000093D66 /* PadlanDanica_HW5.xcdatamodeld */,
			);
			path = "PadlanDanica-HW5";
			sourceTree = "<group>";
		};
		34C486932ACA78B900093D66 /* New Group */ = {
			isa = PBXGroup;
			children = (
			);
			name = "New Group";
			sourceTree = "<group>";
		};
/* End PBXGroup section */

/* Begin PBXNativeTarget section */
		34C486782ACA6EE000093D66 /* PadlanDanica-HW5 */ = {
			isa = PBXNativeTarget;
			buildConfigurationList = 34C486902ACA6EE200093D66 /* Build configuration list for PBXNativeTarget "PadlanDanica-HW5" */;
			buildPhases = (
				34C486752ACA6EE000093D66 /* Sources */,
				34C486762ACA6EE000093D66 /* Frameworks */,
				34C486772ACA6EE000093D66 /* Resources */,
			);
			buildRules = (
			);
			dependencies = (
			);
			name = "PadlanDanica-HW5";
			productName = "PadlanDanica-HW5";
			productReference = 34C486792ACA6EE000093D66 /* PadlanDanica-HW5.app */;
			productType = "com.apple.product-type.application";
		};
/* End PBXNativeTarget section */

/* Begin PBXProject section */
		34C486712ACA6EE000093D66 /* Project object */ = {
			isa = PBXProject;
			attributes = {
				BuildIndependentTargetsInParallel = 1;
				LastSwiftUpdateCheck = 1500;
				LastUpgradeCheck = 1500;
				TargetAttributes = {
					34C486782ACA6EE000093D66 = {
						CreatedOnToolsVersion = 15.0;
					};
				};
			};
			buildConfigurationList = 34C486742ACA6EE000093D66 /* Build configuration list for PBXProject "PadlanDanica-HW5" */;
			compatibilityVersion = "Xcode 14.0";
			developmentRegion = en;
			hasScannedForEncodings = 0;
			knownRegions = (
				en,
				Base,
			);
			mainGroup = 34C486702ACA6EE000093D66;
			productRefGroup = 34C4867A2ACA6EE000093D66 /* Products */;
			projectDirPath = "";
			projectRoot = "";
			targets = (
				34C486782ACA6EE000093D66 /* PadlanDanica-HW5 */,
			);
		};
/* End PBXProject section */

/* Begin PBXResourcesBuildPhase section */
		34C486772ACA6EE000093D66 /* Resources */ = {
			isa = PBXResourcesBuildPhase;
			buildActionMask = 2147483647;
			files = (
				34C4868C2ACA6EE200093D66 /* LaunchScreen.storyboard in Resources */,
				34C486892ACA6EE200093D66 /* Assets.xcassets in Resources */,
				34C486842ACA6EE000093D66 /* Main.storyboard in Resources */,
			);
			runOnlyForDeploymentPostprocessing = 0;
		};
/* End PBXResourcesBuildPhase section */

/* Begin PBXSourcesBuildPhase section */
		34C486752ACA6EE000093D66 /* Sources */ = {
			isa = PBXSourcesBuildPhase;
			buildActionMask = 2147483647;
			files = (
				34C486872ACA6EE000093D66 /* PadlanDanica_HW5.xcdatamodeld in Sources */,
				34C486812ACA6EE000093D66 /* ViewController.swift in Sources */,
				34C4867D2ACA6EE000093D66 /* AppDelegate.swift in Sources */,
				34C486952ACA78DD00093D66 /* Pizza.swift in Sources */,
				349ECF182AD333DF0010E489 /* PizzaCreatorViewController.swift in Sources */,
				34C4867F2ACA6EE000093D66 /* SceneDelegate.swift in Sources */,
				349146272AD371C000858C71 /* PizzaTableViewCell.swift in Sources */,
			);
			runOnlyForDeploymentPostprocessing = 0;
		};
/* End PBXSourcesBuildPhase section */

/* Begin PBXVariantGroup section */
		34C486822ACA6EE000093D66 /* Main.storyboard */ = {
			isa = PBXVariantGroup;
			children = (
				34C486832ACA6EE000093D66 /* Base */,
			);
			name = Main.storyboard;
			sourceTree = "<group>";
		};
		34C4868A2ACA6EE200093D66 /* LaunchScreen.storyboard */ = {
			isa = PBXVariantGroup;
			children = (
				34C4868B2ACA6EE200093D66 /* Base */,
			);
			name = LaunchScreen.storyboard;
			sourceTree = "<group>";
		};
/* End PBXVariantGroup section */

/* Begin XCBuildConfiguration section */
		34C4868E2ACA6EE200093D66 /* Debug */ = {
			isa = XCBuildConfiguration;
			buildSettings = {
				ALWAYS_SEARCH_USER_PATHS = NO;
				ASSETCATALOG_COMPILER_GENERATE_SWIFT_ASSET_SYMBOL_EXTENSIONS = YES;
				CLANG_ANALYZER_NONNULL = YES;
				CLANG_ANALYZER_NUMBER_OBJECT_CONVERSION = YES_AGGRESSIVE;
				CLANG_CXX_LANGUAGE_STANDARD = "gnu++20";
				CLANG_ENABLE_MODULES = YES;
				CLANG_ENABLE_OBJC_ARC = YES;
				CLANG_ENABLE_OBJC_WEAK = YES;
				CLANG_WARN_BLOCK_CAPTURE_AUTORELEASING = YES;
				CLANG_WARN_BOOL_CONVERSION = YES;
				CLANG_WARN_COMMA = YES;
				CLANG_WARN_CONSTANT_CONVERSION = YES;
				CLANG_WARN_DEPRECATED_OBJC_IMPLEMENTATIONS = YES;
				CLANG_WARN_DIRECT_OBJC_ISA_USAGE = YES_ERROR;
				CLANG_WARN_DOCUMENTATION_COMMENTS = YES;
				CLANG_WARN_EMPTY_BODY = YES;
				CLANG_WARN_ENUM_CONVERSION = YES;
				CLANG_WARN_INFINITE_RECURSION = YES;
				CLANG_WARN_INT_CONVERSION = YES;
				CLANG_WARN_NON_LITERAL_NULL_CONVERSION = YES;
				CLANG_WARN_OBJC_IMPLICIT_RETAIN_SELF = YES;
				CLANG_WARN_OBJC_LITERAL_CONVERSION = YES;
				CLANG_WARN_OBJC_ROOT_CLASS = YES_ERROR;
				CLANG_WARN_QUOTED_INCLUDE_IN_FRAMEWORK_HEADER = YES;
				CLANG_WARN_RANGE_LOOP_ANALYSIS = YES;
				CLANG_WARN_STRICT_PROTOTYPES = YES;
				CLANG_WARN_SUSPICIOUS_MOVE = YES;
				CLANG_WARN_UNGUARDED_AVAILABILITY = YES_AGGRESSIVE;
				CLANG_WARN_UNREACHABLE_CODE = YES;
				CLANG_WARN__DUPLICATE_METHOD_MATCH = YES;
				COPY_PHASE_STRIP = NO;
				DEBUG_INFORMATION_FORMAT = dwarf;
				ENABLE_STRICT_OBJC_MSGSEND = YES;
				ENABLE_TESTABILITY = YES;
				ENABLE_USER_SCRIPT_SANDBOXING = YES;
				GCC_C_LANGUAGE_STANDARD = gnu17;
				GCC_DYNAMIC_NO_PIC = NO;
				GCC_NO_COMMON_BLOCKS = YES;
				GCC_OPTIMIZATION_LEVEL = 0;
				GCC_PREPROCESSOR_DEFINITIONS = (
					"DEBUG=1",
					"$(inherited)",
				);
				GCC_WARN_64_TO_32_BIT_CONVERSION = YES;
				GCC_WARN_ABOUT_RETURN_TYPE = YES_ERROR;
				GCC_WARN_UNDECLARED_SELECTOR = YES;
				GCC_WARN_UNINITIALIZED_AUTOS = YES_AGGRESSIVE;
				GCC_WARN_UNUSED_FUNCTION = YES;
				GCC_WARN_UNUSED_VARIABLE = YES;
				IPHONEOS_DEPLOYMENT_TARGET = 17.0;
				LOCALIZATION_PREFERS_STRING_CATALOGS = YES;
				MTL_ENABLE_DEBUG_INFO = INCLUDE_SOURCE;
				MTL_FAST_MATH = YES;
				ONLY_ACTIVE_ARCH = YES;
				SDKROOT = iphoneos;
				SWIFT_ACTIVE_COMPILATION_CONDITIONS = "DEBUG $(inherited)";
				SWIFT_OPTIMIZATION_LEVEL = "-Onone";
			};
			name = Debug;
		};
		34C4868F2ACA6EE200093D66 /* Release */ = {
			isa = XCBuildConfiguration;
			buildSettings = {
				ALWAYS_SEARCH_USER_PATHS = NO;
				ASSETCATALOG_COMPILER_GENERATE_SWIFT_ASSET_SYMBOL_EXTENSIONS = YES;
				CLANG_ANALYZER_NONNULL = YES;
				CLANG_ANALYZER_NUMBER_OBJECT_CONVERSION = YES_AGGRESSIVE;
				CLANG_CXX_LANGUAGE_STANDARD = "gnu++20";
				CLANG_ENABLE_MODULES = YES;
				CLANG_ENABLE_OBJC_ARC = YES;
				CLANG_ENABLE_OBJC_WEAK = YES;
				CLANG_WARN_BLOCK_CAPTURE_AUTORELEASING = YES;
				CLANG_WARN_BOOL_CONVERSION = YES;
				CLANG_WARN_COMMA = YES;
				CLANG_WARN_CONSTANT_CONVERSION = YES;
				CLANG_WARN_DEPRECATED_OBJC_IMPLEMENTATIONS = YES;
				CLANG_WARN_DIRECT_OBJC_ISA_USAGE = YES_ERROR;
				CLANG_WARN_DOCUMENTATION_COMMENTS = YES;
				CLANG_WARN_EMPTY_BODY = YES;
				CLANG_WARN_ENUM_CONVERSION = YES;
				CLANG_WARN_INFINITE_RECURSION = YES;
				CLANG_WARN_INT_CONVERSION = YES;
				CLANG_WARN_NON_LITERAL_NULL_CONVERSION = YES;
				CLANG_WARN_OBJC_IMPLICIT_RETAIN_SELF = YES;
				CLANG_WARN_OBJC_LITERAL_CONVERSION = YES;
				CLANG_WARN_OBJC_ROOT_CLASS = YES_ERROR;
				CLANG_WARN_QUOTED_INCLUDE_IN_FRAMEWORK_HEADER = YES;
				CLANG_WARN_RANGE_LOOP_ANALYSIS = YES;
				CLANG_WARN_STRICT_PROTOTYPES = YES;
				CLANG_WARN_SUSPICIOUS_MOVE = YES;
				CLANG_WARN_UNGUARDED_AVAILABILITY = YES_AGGRESSIVE;
				CLANG_WARN_UNREACHABLE_CODE = YES;
				CLANG_WARN__DUPLICATE_METHOD_MATCH = YES;
				COPY_PHASE_STRIP = NO;
				DEBUG_INFORMATION_FORMAT = "dwarf-with-dsym";
				ENABLE_NS_ASSERTIONS = NO;
				ENABLE_STRICT_OBJC_MSGSEND = YES;
				ENABLE_USER_SCRIPT_SANDBOXING = YES;
				GCC_C_LANGUAGE_STANDARD = gnu17;
				GCC_NO_COMMON_BLOCKS = YES;
				GCC_WARN_64_TO_32_BIT_CONVERSION = YES;
				GCC_WARN_ABOUT_RETURN_TYPE = YES_ERROR;
				GCC_WARN_UNDECLARED_SELECTOR = YES;
				GCC_WARN_UNINITIALIZED_AUTOS = YES_AGGRESSIVE;
				GCC_WARN_UNUSED_FUNCTION = YES;
				GCC_WARN_UNUSED_VARIABLE = YES;
				IPHONEOS_DEPLOYMENT_TARGET = 17.0;
				LOCALIZATION_PREFERS_STRING_CATALOGS = YES;
				MTL_ENABLE_DEBUG_INFO = NO;
				MTL_FAST_MATH = YES;
				SDKROOT = iphoneos;
				SWIFT_COMPILATION_MODE = wholemodule;
				VALIDATE_PRODUCT = YES;
			};
			name = Release;
		};
		34C486912ACA6EE200093D66 /* Debug */ = {
			isa = XCBuildConfiguration;
			buildSettings = {
				ASSETCATALOG_COMPILER_APPICON_NAME = AppIcon;
				ASSETCATALOG_COMPILER_GLOBAL_ACCENT_COLOR_NAME = AccentColor;
				CODE_SIGN_STYLE = Automatic;
				CURRENT_PROJECT_VERSION = 1;
				DEVELOPMENT_TEAM = 2LZ22D9N74;
				GENERATE_INFOPLIST_FILE = YES;
				INFOPLIST_FILE = "PadlanDanica-HW5/Info.plist";
				INFOPLIST_KEY_UIApplicationSupportsIndirectInputEvents = YES;
				INFOPLIST_KEY_UILaunchStoryboardName = LaunchScreen;
				INFOPLIST_KEY_UIMainStoryboardFile = Main;
				INFOPLIST_KEY_UISupportedInterfaceOrientations_iPad = "UIInterfaceOrientationPortrait UIInterfaceOrientationPortraitUpsideDown UIInterfaceOrientationLandscapeLeft UIInterfaceOrientationLandscapeRight";
				INFOPLIST_KEY_UISupportedInterfaceOrientations_iPhone = "UIInterfaceOrientationPortrait UIInterfaceOrientationLandscapeLeft UIInterfaceOrientationLandscapeRight";
				LD_RUNPATH_SEARCH_PATHS = (
					"$(inherited)",
					"@executable_path/Frameworks",
				);
				MARKETING_VERSION = 1.0;
				PRODUCT_BUNDLE_IDENTIFIER = "CS371L.PadlanDanica-HW5";
				PRODUCT_NAME = "$(TARGET_NAME)";
				SWIFT_EMIT_LOC_STRINGS = YES;
				SWIFT_VERSION = 5.0;
				TARGETED_DEVICE_FAMILY = "1,2";
			};
			name = Debug;
		};
		34C486922ACA6EE200093D66 /* Release */ = {
			isa = XCBuildConfiguration;
			buildSettings = {
				ASSETCATALOG_COMPILER_APPICON_NAME = AppIcon;
				ASSETCATALOG_COMPILER_GLOBAL_ACCENT_COLOR_NAME = AccentColor;
				CODE_SIGN_STYLE = Automatic;
				CURRENT_PROJECT_VERSION = 1;
				DEVELOPMENT_TEAM = 2LZ22D9N74;
				GENERATE_INFOPLIST_FILE = YES;
				INFOPLIST_FILE = "PadlanDanica-HW5/Info.plist";
				INFOPLIST_KEY_UIApplicationSupportsIndirectInputEvents = YES;
				INFOPLIST_KEY_UILaunchStoryboardName = LaunchScreen;
				INFOPLIST_KEY_UIMainStoryboardFile = Main;
				INFOPLIST_KEY_UISupportedInterfaceOrientations_iPad = "UIInterfaceOrientationPortrait UIInterfaceOrientationPortraitUpsideDown UIInterfaceOrientationLandscapeLeft UIInterfaceOrientationLandscapeRight";
				INFOPLIST_KEY_UISupportedInterfaceOrientations_iPhone = "UIInterfaceOrientationPortrait UIInterfaceOrientationLandscapeLeft UIInterfaceOrientationLandscapeRight";
				LD_RUNPATH_SEARCH_PATHS = (
					"$(inherited)",
					"@executable_path/Frameworks",
				);
				MARKETING_VERSION = 1.0;
				PRODUCT_BUNDLE_IDENTIFIER = "CS371L.PadlanDanica-HW5";
				PRODUCT_NAME = "$(TARGET_NAME)";
				SWIFT_EMIT_LOC_STRINGS = YES;
				SWIFT_VERSION = 5.0;
				TARGETED_DEVICE_FAMILY = "1,2";
			};
			name = Release;
		};
/* End XCBuildConfiguration section */

/* Begin XCConfigurationList section */
		34C486742ACA6EE000093D66 /* Build configuration list for PBXProject "PadlanDanica-HW5" */ = {
			isa = XCConfigurationList;
			buildConfigurations = (
				34C4868E2ACA6EE200093D66 /* Debug */,
				34C4868F2ACA6EE200093D66 /* Release */,
			);
			defaultConfigurationIsVisible = 0;
			defaultConfigurationName = Release;
		};
		34C486902ACA6EE200093D66 /* Build configuration list for PBXNativeTarget "PadlanDanica-HW5" */ = {
			isa = XCConfigurationList;
			buildConfigurations = (
				34C486912ACA6EE200093D66 /* Debug */,
				34C486922ACA6EE200093D66 /* Release */,
			);
			defaultConfigurationIsVisible = 0;
			defaultConfigurationName = Release;
		};
/* End XCConfigurationList section */

/* Begin XCVersionGroup section */
		34C486852ACA6EE000093D66 /* PadlanDanica_HW5.xcdatamodeld */ = {
			isa = XCVersionGroup;
			children = (
				34C486862ACA6EE000093D66 /* PadlanDanica_HW5.xcdatamodel */,
			);
			currentVersion = 34C486862ACA6EE000093D66 /* PadlanDanica_HW5.xcdatamodel */;
			path = PadlanDanica_HW5.xcdatamodeld;
			sourceTree = "<group>";
			versionGroupType = wrapper.xcdatamodel;
		};
/* End XCVersionGroup section */
	};
	rootObject = 34C486712ACA6EE000093D66 /* Project object */;
}
