// !$*UTF8*$!
{
	archiveVersion = 1;
	classes = {
	};
	objectVersion = 56;
	objects = {

/* Begin PBXBuildFile section */
		34B8CEF42AF43C1500BF1E02 /* AppDelegate.swift in Sources */ = {isa = PBXBuildFile; fileRef = 34B8CEF32AF43C1500BF1E02 /* AppDelegate.swift */; };
		34B8CEF62AF43C1500BF1E02 /* SceneDelegate.swift in Sources */ = {isa = PBXBuildFile; fileRef = 34B8CEF52AF43C1500BF1E02 /* SceneDelegate.swift */; };
		34B8CEF82AF43C1500BF1E02 /* ViewController.swift in Sources */ = {isa = PBXBuildFile; fileRef = 34B8CEF72AF43C1500BF1E02 /* ViewController.swift */; };
		34B8CEFB2AF43C1500BF1E02 /* Main.storyboard in Resources */ = {isa = PBXBuildFile; fileRef = 34B8CEF92AF43C1500BF1E02 /* Main.storyboard */; };
		34B8CEFE2AF43C1500BF1E02 /* PadlanDanica_HW9.xcdatamodeld in Sources */ = {isa = PBXBuildFile; fileRef = 34B8CEFC2AF43C1500BF1E02 /* PadlanDanica_HW9.xcdatamodeld */; };
		34B8CF002AF43C1700BF1E02 /* Assets.xcassets in Resources */ = {isa = PBXBuildFile; fileRef = 34B8CEFF2AF43C1700BF1E02 /* Assets.xcassets */; };
		34B8CF032AF43C1700BF1E02 /* LaunchScreen.storyboard in Resources */ = {isa = PBXBuildFile; fileRef = 34B8CF012AF43C1700BF1E02 /* LaunchScreen.storyboard */; };
/* End PBXBuildFile section */

/* Begin PBXFileReference section */
		34B8CEF02AF43C1500BF1E02 /* PadlanDanica-HW9.app */ = {isa = PBXFileReference; explicitFileType = wrapper.application; includeInIndex = 0; path = "PadlanDanica-HW9.app"; sourceTree = BUILT_PRODUCTS_DIR; };
		34B8CEF32AF43C1500BF1E02 /* AppDelegate.swift */ = {isa = PBXFileReference; lastKnownFileType = sourcecode.swift; path = AppDelegate.swift; sourceTree = "<group>"; };
		34B8CEF52AF43C1500BF1E02 /* SceneDelegate.swift */ = {isa = PBXFileReference; lastKnownFileType = sourcecode.swift; path = SceneDelegate.swift; sourceTree = "<group>"; };
		34B8CEF72AF43C1500BF1E02 /* ViewController.swift */ = {isa = PBXFileReference; lastKnownFileType = sourcecode.swift; path = ViewController.swift; sourceTree = "<group>"; };
		34B8CEFA2AF43C1500BF1E02 /* Base */ = {isa = PBXFileReference; lastKnownFileType = file.storyboard; name = Base; path = Base.lproj/Main.storyboard; sourceTree = "<group>"; };
		34B8CEFD2AF43C1500BF1E02 /* PadlanDanica_HW9.xcdatamodel */ = {isa = PBXFileReference; lastKnownFileType = wrapper.xcdatamodel; path = PadlanDanica_HW9.xcdatamodel; sourceTree = "<group>"; };
		34B8CEFF2AF43C1700BF1E02 /* Assets.xcassets */ = {isa = PBXFileReference; lastKnownFileType = folder.assetcatalog; path = Assets.xcassets; sourceTree = "<group>"; };
		34B8CF022AF43C1700BF1E02 /* Base */ = {isa = PBXFileReference; lastKnownFileType = file.storyboard; name = Base; path = Base.lproj/LaunchScreen.storyboard; sourceTree = "<group>"; };
		34B8CF042AF43C1700BF1E02 /* Info.plist */ = {isa = PBXFileReference; lastKnownFileType = text.plist.xml; path = Info.plist; sourceTree = "<group>"; };
/* End PBXFileReference section */

/* Begin PBXFrameworksBuildPhase section */
		34B8CEED2AF43C1500BF1E02 /* Frameworks */ = {
			isa = PBXFrameworksBuildPhase;
			buildActionMask = 2147483647;
			files = (
			);
			runOnlyForDeploymentPostprocessing = 0;
		};
/* End PBXFrameworksBuildPhase section */

/* Begin PBXGroup section */
		34B8CEE72AF43C1500BF1E02 = {
			isa = PBXGroup;
			children = (
				34B8CEF22AF43C1500BF1E02 /* PadlanDanica-HW9 */,
				34B8CEF12AF43C1500BF1E02 /* Products */,
			);
			sourceTree = "<group>";
		};
		34B8CEF12AF43C1500BF1E02 /* Products */ = {
			isa = PBXGroup;
			children = (
				34B8CEF02AF43C1500BF1E02 /* PadlanDanica-HW9.app */,
			);
			name = Products;
			sourceTree = "<group>";
		};
		34B8CEF22AF43C1500BF1E02 /* PadlanDanica-HW9 */ = {
			isa = PBXGroup;
			children = (
				34B8CEF32AF43C1500BF1E02 /* AppDelegate.swift */,
				34B8CEF52AF43C1500BF1E02 /* SceneDelegate.swift */,
				34B8CEF72AF43C1500BF1E02 /* ViewController.swift */,
				34B8CEF92AF43C1500BF1E02 /* Main.storyboard */,
				34B8CEFF2AF43C1700BF1E02 /* Assets.xcassets */,
				34B8CF012AF43C1700BF1E02 /* LaunchScreen.storyboard */,
				34B8CF042AF43C1700BF1E02 /* Info.plist */,
				34B8CEFC2AF43C1500BF1E02 /* PadlanDanica_HW9.xcdatamodeld */,
			);
			path = "PadlanDanica-HW9";
			sourceTree = "<group>";
		};
/* End PBXGroup section */

/* Begin PBXNativeTarget section */
		34B8CEEF2AF43C1500BF1E02 /* PadlanDanica-HW9 */ = {
			isa = PBXNativeTarget;
			buildConfigurationList = 34B8CF072AF43C1700BF1E02 /* Build configuration list for PBXNativeTarget "PadlanDanica-HW9" */;
			buildPhases = (
				34B8CEEC2AF43C1500BF1E02 /* Sources */,
				34B8CEED2AF43C1500BF1E02 /* Frameworks */,
				34B8CEEE2AF43C1500BF1E02 /* Resources */,
			);
			buildRules = (
			);
			dependencies = (
			);
			name = "PadlanDanica-HW9";
			productName = "PadlanDanica-HW9";
			productReference = 34B8CEF02AF43C1500BF1E02 /* PadlanDanica-HW9.app */;
			productType = "com.apple.product-type.application";
		};
/* End PBXNativeTarget section */

/* Begin PBXProject section */
		34B8CEE82AF43C1500BF1E02 /* Project object */ = {
			isa = PBXProject;
			attributes = {
				BuildIndependentTargetsInParallel = 1;
				LastSwiftUpdateCheck = 1500;
				LastUpgradeCheck = 1500;
				TargetAttributes = {
					34B8CEEF2AF43C1500BF1E02 = {
						CreatedOnToolsVersion = 15.0.1;
					};
				};
			};
			buildConfigurationList = 34B8CEEB2AF43C1500BF1E02 /* Build configuration list for PBXProject "PadlanDanica-HW9" */;
			compatibilityVersion = "Xcode 14.0";
			developmentRegion = en;
			hasScannedForEncodings = 0;
			knownRegions = (
				en,
				Base,
			);
			mainGroup = 34B8CEE72AF43C1500BF1E02;
			productRefGroup = 34B8CEF12AF43C1500BF1E02 /* Products */;
			projectDirPath = "";
			projectRoot = "";
			targets = (
				34B8CEEF2AF43C1500BF1E02 /* PadlanDanica-HW9 */,
			);
		};
/* End PBXProject section */

/* Begin PBXResourcesBuildPhase section */
		34B8CEEE2AF43C1500BF1E02 /* Resources */ = {
			isa = PBXResourcesBuildPhase;
			buildActionMask = 2147483647;
			files = (
				34B8CF032AF43C1700BF1E02 /* LaunchScreen.storyboard in Resources */,
				34B8CF002AF43C1700BF1E02 /* Assets.xcassets in Resources */,
				34B8CEFB2AF43C1500BF1E02 /* Main.storyboard in Resources */,
			);
			runOnlyForDeploymentPostprocessing = 0;
		};
/* End PBXResourcesBuildPhase section */

/* Begin PBXSourcesBuildPhase section */
		34B8CEEC2AF43C1500BF1E02 /* Sources */ = {
			isa = PBXSourcesBuildPhase;
			buildActionMask = 2147483647;
			files = (
				34B8CEFE2AF43C1500BF1E02 /* PadlanDanica_HW9.xcdatamodeld in Sources */,
				34B8CEF82AF43C1500BF1E02 /* ViewController.swift in Sources */,
				34B8CEF42AF43C1500BF1E02 /* AppDelegate.swift in Sources */,
				34B8CEF62AF43C1500BF1E02 /* SceneDelegate.swift in Sources */,
			);
			runOnlyForDeploymentPostprocessing = 0;
		};
/* End PBXSourcesBuildPhase section */

/* Begin PBXVariantGroup section */
		34B8CEF92AF43C1500BF1E02 /* Main.storyboard */ = {
			isa = PBXVariantGroup;
			children = (
				34B8CEFA2AF43C1500BF1E02 /* Base */,
			);
			name = Main.storyboard;
			sourceTree = "<group>";
		};
		34B8CF012AF43C1700BF1E02 /* LaunchScreen.storyboard */ = {
			isa = PBXVariantGroup;
			children = (
				34B8CF022AF43C1700BF1E02 /* Base */,
			);
			name = LaunchScreen.storyboard;
			sourceTree = "<group>";
		};
/* End PBXVariantGroup section */

/* Begin XCBuildConfiguration section */
		34B8CF052AF43C1700BF1E02 /* Debug */ = {
			isa = XCBuildConfiguration;
			buildSettings = {
				ALWAYS_SEARCH_USER_PATHS = NO;
				ASSETCATALOG_COMPILER_GENERATE_SWIFT_ASSET_SYMBOL_EXTENSIONS = YES;
				CLANG_ANALYZER_NONNULL = YES;
				CLANG_ANALYZER_NUMBER_OBJECT_CONVERSION = YES_AGGRESSIVE;
				CLANG_CXX_LANGUAGE_STANDARD = "gnu++20";
				CLANG_ENABLE_MODULES = YES;
				CLANG_ENABLE_OBJC_ARC = YES;
				CLANG_ENABLE_OBJC_WEAK = YES;
				CLANG_WARN_BLOCK_CAPTURE_AUTORELEASING = YES;
				CLANG_WARN_BOOL_CONVERSION = YES;
				CLANG_WARN_COMMA = YES;
				CLANG_WARN_CONSTANT_CONVERSION = YES;
				CLANG_WARN_DEPRECATED_OBJC_IMPLEMENTATIONS = YES;
				CLANG_WARN_DIRECT_OBJC_ISA_USAGE = YES_ERROR;
				CLANG_WARN_DOCUMENTATION_COMMENTS = YES;
				CLANG_WARN_EMPTY_BODY = YES;
				CLANG_WARN_ENUM_CONVERSION = YES;
				CLANG_WARN_INFINITE_RECURSION = YES;
				CLANG_WARN_INT_CONVERSION = YES;
				CLANG_WARN_NON_LITERAL_NULL_CONVERSION = YES;
				CLANG_WARN_OBJC_IMPLICIT_RETAIN_SELF = YES;
				CLANG_WARN_OBJC_LITERAL_CONVERSION = YES;
				CLANG_WARN_OBJC_ROOT_CLASS = YES_ERROR;
				CLANG_WARN_QUOTED_INCLUDE_IN_FRAMEWORK_HEADER = YES;
				CLANG_WARN_RANGE_LOOP_ANALYSIS = YES;
				CLANG_WARN_STRICT_PROTOTYPES = YES;
				CLANG_WARN_SUSPICIOUS_MOVE = YES;
				CLANG_WARN_UNGUARDED_AVAILABILITY = YES_AGGRESSIVE;
				CLANG_WARN_UNREACHABLE_CODE = YES;
				CLANG_WARN__DUPLICATE_METHOD_MATCH = YES;
				COPY_PHASE_STRIP = NO;
				DEBUG_INFORMATION_FORMAT = dwarf;
				ENABLE_STRICT_OBJC_MSGSEND = YES;
				ENABLE_TESTABILITY = YES;
				ENABLE_USER_SCRIPT_SANDBOXING = YES;
				GCC_C_LANGUAGE_STANDARD = gnu17;
				GCC_DYNAMIC_NO_PIC = NO;
				GCC_NO_COMMON_BLOCKS = YES;
				GCC_OPTIMIZATION_LEVEL = 0;
				GCC_PREPROCESSOR_DEFINITIONS = (
					"DEBUG=1",
					"$(inherited)",
				);
				GCC_WARN_64_TO_32_BIT_CONVERSION = YES;
				GCC_WARN_ABOUT_RETURN_TYPE = YES_ERROR;
				GCC_WARN_UNDECLARED_SELECTOR = YES;
				GCC_WARN_UNINITIALIZED_AUTOS = YES_AGGRESSIVE;
				GCC_WARN_UNUSED_FUNCTION = YES;
				GCC_WARN_UNUSED_VARIABLE = YES;
				IPHONEOS_DEPLOYMENT_TARGET = 17.0;
				LOCALIZATION_PREFERS_STRING_CATALOGS = YES;
				MTL_ENABLE_DEBUG_INFO = INCLUDE_SOURCE;
				MTL_FAST_MATH = YES;
				ONLY_ACTIVE_ARCH = YES;
				SDKROOT = iphoneos;
				SWIFT_ACTIVE_COMPILATION_CONDITIONS = "DEBUG $(inherited)";
				SWIFT_OPTIMIZATION_LEVEL = "-Onone";
			};
			name = Debug;
		};
		34B8CF062AF43C1700BF1E02 /* Release */ = {
			isa = XCBuildConfiguration;
			buildSettings = {
				ALWAYS_SEARCH_USER_PATHS = NO;
				ASSETCATALOG_COMPILER_GENERATE_SWIFT_ASSET_SYMBOL_EXTENSIONS = YES;
				CLANG_ANALYZER_NONNULL = YES;
				CLANG_ANALYZER_NUMBER_OBJECT_CONVERSION = YES_AGGRESSIVE;
				CLANG_CXX_LANGUAGE_STANDARD = "gnu++20";
				CLANG_ENABLE_MODULES = YES;
				CLANG_ENABLE_OBJC_ARC = YES;
				CLANG_ENABLE_OBJC_WEAK = YES;
				CLANG_WARN_BLOCK_CAPTURE_AUTORELEASING = YES;
				CLANG_WARN_BOOL_CONVERSION = YES;
				CLANG_WARN_COMMA = YES;
				CLANG_WARN_CONSTANT_CONVERSION = YES;
				CLANG_WARN_DEPRECATED_OBJC_IMPLEMENTATIONS = YES;
				CLANG_WARN_DIRECT_OBJC_ISA_USAGE = YES_ERROR;
				CLANG_WARN_DOCUMENTATION_COMMENTS = YES;
				CLANG_WARN_EMPTY_BODY = YES;
				CLANG_WARN_ENUM_CONVERSION = YES;
				CLANG_WARN_INFINITE_RECURSION = YES;
				CLANG_WARN_INT_CONVERSION = YES;
				CLANG_WARN_NON_LITERAL_NULL_CONVERSION = YES;
				CLANG_WARN_OBJC_IMPLICIT_RETAIN_SELF = YES;
				CLANG_WARN_OBJC_LITERAL_CONVERSION = YES;
				CLANG_WARN_OBJC_ROOT_CLASS = YES_ERROR;
				CLANG_WARN_QUOTED_INCLUDE_IN_FRAMEWORK_HEADER = YES;
				CLANG_WARN_RANGE_LOOP_ANALYSIS = YES;
				CLANG_WARN_STRICT_PROTOTYPES = YES;
				CLANG_WARN_SUSPICIOUS_MOVE = YES;
				CLANG_WARN_UNGUARDED_AVAILABILITY = YES_AGGRESSIVE;
				CLANG_WARN_UNREACHABLE_CODE = YES;
				CLANG_WARN__DUPLICATE_METHOD_MATCH = YES;
				COPY_PHASE_STRIP = NO;
				DEBUG_INFORMATION_FORMAT = "dwarf-with-dsym";
				ENABLE_NS_ASSERTIONS = NO;
				ENABLE_STRICT_OBJC_MSGSEND = YES;
				ENABLE_USER_SCRIPT_SANDBOXING = YES;
				GCC_C_LANGUAGE_STANDARD = gnu17;
				GCC_NO_COMMON_BLOCKS = YES;
				GCC_WARN_64_TO_32_BIT_CONVERSION = YES;
				GCC_WARN_ABOUT_RETURN_TYPE = YES_ERROR;
				GCC_WARN_UNDECLARED_SELECTOR = YES;
				GCC_WARN_UNINITIALIZED_AUTOS = YES_AGGRESSIVE;
				GCC_WARN_UNUSED_FUNCTION = YES;
				GCC_WARN_UNUSED_VARIABLE = YES;
				IPHONEOS_DEPLOYMENT_TARGET = 17.0;
				LOCALIZATION_PREFERS_STRING_CATALOGS = YES;
				MTL_ENABLE_DEBUG_INFO = NO;
				MTL_FAST_MATH = YES;
				SDKROOT = iphoneos;
				SWIFT_COMPILATION_MODE = wholemodule;
				VALIDATE_PRODUCT = YES;
			};
			name = Release;
		};
		34B8CF082AF43C1700BF1E02 /* Debug */ = {
			isa = XCBuildConfiguration;
			buildSettings = {
				ASSETCATALOG_COMPILER_APPICON_NAME = AppIcon;
				ASSETCATALOG_COMPILER_GLOBAL_ACCENT_COLOR_NAME = AccentColor;
				CODE_SIGN_STYLE = Automatic;
				CURRENT_PROJECT_VERSION = 1;
				DEVELOPMENT_TEAM = 2LZ22D9N74;
				GENERATE_INFOPLIST_FILE = YES;
				INFOPLIST_FILE = "PadlanDanica-HW9/Info.plist";
				INFOPLIST_KEY_UIApplicationSupportsIndirectInputEvents = YES;
				INFOPLIST_KEY_UILaunchStoryboardName = LaunchScreen;
				INFOPLIST_KEY_UIMainStoryboardFile = Main;
				INFOPLIST_KEY_UISupportedInterfaceOrientations_iPad = "UIInterfaceOrientationPortrait UIInterfaceOrientationPortraitUpsideDown UIInterfaceOrientationLandscapeLeft UIInterfaceOrientationLandscapeRight";
				INFOPLIST_KEY_UISupportedInterfaceOrientations_iPhone = "UIInterfaceOrientationPortrait UIInterfaceOrientationLandscapeLeft UIInterfaceOrientationLandscapeRight";
				LD_RUNPATH_SEARCH_PATHS = (
					"$(inherited)",
					"@executable_path/Frameworks",
				);
				MARKETING_VERSION = 1.0;
				PRODUCT_BUNDLE_IDENTIFIER = "CS371L.PadlanDanica-HW9";
				PRODUCT_NAME = "$(TARGET_NAME)";
				SWIFT_EMIT_LOC_STRINGS = YES;
				SWIFT_VERSION = 5.0;
				TARGETED_DEVICE_FAMILY = "1,2";
			};
			name = Debug;
		};
		34B8CF092AF43C1700BF1E02 /* Release */ = {
			isa = XCBuildConfiguration;
			buildSettings = {
				ASSETCATALOG_COMPILER_APPICON_NAME = AppIcon;
				ASSETCATALOG_COMPILER_GLOBAL_ACCENT_COLOR_NAME = AccentColor;
				CODE_SIGN_STYLE = Automatic;
				CURRENT_PROJECT_VERSION = 1;
				DEVELOPMENT_TEAM = 2LZ22D9N74;
				GENERATE_INFOPLIST_FILE = YES;
				INFOPLIST_FILE = "PadlanDanica-HW9/Info.plist";
				INFOPLIST_KEY_UIApplicationSupportsIndirectInputEvents = YES;
				INFOPLIST_KEY_UILaunchStoryboardName = LaunchScreen;
				INFOPLIST_KEY_UIMainStoryboardFile = Main;
				INFOPLIST_KEY_UISupportedInterfaceOrientations_iPad = "UIInterfaceOrientationPortrait UIInterfaceOrientationPortraitUpsideDown UIInterfaceOrientationLandscapeLeft UIInterfaceOrientationLandscapeRight";
				INFOPLIST_KEY_UISupportedInterfaceOrientations_iPhone = "UIInterfaceOrientationPortrait UIInterfaceOrientationLandscapeLeft UIInterfaceOrientationLandscapeRight";
				LD_RUNPATH_SEARCH_PATHS = (
					"$(inherited)",
					"@executable_path/Frameworks",
				);
				MARKETING_VERSION = 1.0;
				PRODUCT_BUNDLE_IDENTIFIER = "CS371L.PadlanDanica-HW9";
				PRODUCT_NAME = "$(TARGET_NAME)";
				SWIFT_EMIT_LOC_STRINGS = YES;
				SWIFT_VERSION = 5.0;
				TARGETED_DEVICE_FAMILY = "1,2";
			};
			name = Release;
		};
/* End XCBuildConfiguration section */

/* Begin XCConfigurationList section */
		34B8CEEB2AF43C1500BF1E02 /* Build configuration list for PBXProject "PadlanDanica-HW9" */ = {
			isa = XCConfigurationList;
			buildConfigurations = (
				34B8CF052AF43C1700BF1E02 /* Debug */,
				34B8CF062AF43C1700BF1E02 /* Release */,
			);
			defaultConfigurationIsVisible = 0;
			defaultConfigurationName = Release;
		};
		34B8CF072AF43C1700BF1E02 /* Build configuration list for PBXNativeTarget "PadlanDanica-HW9" */ = {
			isa = XCConfigurationList;
			buildConfigurations = (
				34B8CF082AF43C1700BF1E02 /* Debug */,
				34B8CF092AF43C1700BF1E02 /* Release */,
			);
			defaultConfigurationIsVisible = 0;
			defaultConfigurationName = Release;
		};
/* End XCConfigurationList section */

/* Begin XCVersionGroup section */
		34B8CEFC2AF43C1500BF1E02 /* PadlanDanica_HW9.xcdatamodeld */ = {
			isa = XCVersionGroup;
			children = (
				34B8CEFD2AF43C1500BF1E02 /* PadlanDanica_HW9.xcdatamodel */,
			);
			currentVersion = 34B8CEFD2AF43C1500BF1E02 /* PadlanDanica_HW9.xcdatamodel */;
			path = PadlanDanica_HW9.xcdatamodeld;
			sourceTree = "<group>";
			versionGroupType = wrapper.xcdatamodel;
		};
/* End XCVersionGroup section */
	};
	rootObject = 34B8CEE82AF43C1500BF1E02 /* Project object */;
}
