// !$*UTF8*$!
{
	archiveVersion = 1;
	classes = {
	};
	objectVersion = 56;
	objects = {

/* Begin PBXBuildFile section */
		34B47FFC2B169BDC00BA0F74 /* AppDelegate.swift in Sources */ = {isa = PBXBuildFile; fileRef = 34B47FFB2B169BDC00BA0F74 /* AppDelegate.swift */; };
		34B47FFE2B169BDC00BA0F74 /* SceneDelegate.swift in Sources */ = {isa = PBXBuildFile; fileRef = 34B47FFD2B169BDC00BA0F74 /* SceneDelegate.swift */; };
		34B480002B169BDC00BA0F74 /* MainViewController.swift in Sources */ = {isa = PBXBuildFile; fileRef = 34B47FFF2B169BDC00BA0F74 /* MainViewController.swift */; };
		34B480032B169BDC00BA0F74 /* Main.storyboard in Resources */ = {isa = PBXBuildFile; fileRef = 34B480012B169BDC00BA0F74 /* Main.storyboard */; };
		34B480062B169BDC00BA0F74 /* PadlanDanica_HW10.xcdatamodeld in Sources */ = {isa = PBXBuildFile; fileRef = 34B480042B169BDC00BA0F74 /* PadlanDanica_HW10.xcdatamodeld */; };
		34B480082B169BDD00BA0F74 /* Assets.xcassets in Resources */ = {isa = PBXBuildFile; fileRef = 34B480072B169BDD00BA0F74 /* Assets.xcassets */; };
		34B4800B2B169BDD00BA0F74 /* LaunchScreen.storyboard in Resources */ = {isa = PBXBuildFile; fileRef = 34B480092B169BDD00BA0F74 /* LaunchScreen.storyboard */; };
		34B480132B169C9F00BA0F74 /* DetailViewController.swift in Sources */ = {isa = PBXBuildFile; fileRef = 34B480122B169C9F00BA0F74 /* DetailViewController.swift */; };
		34B480152B169FA800BA0F74 /* CustomCollectionViewCell.swift in Sources */ = {isa = PBXBuildFile; fileRef = 34B480142B169FA800BA0F74 /* CustomCollectionViewCell.swift */; };
/* End PBXBuildFile section */

/* Begin PBXFileReference section */
		34B47FF82B169BDC00BA0F74 /* PadlanDanica-HW10.app */ = {isa = PBXFileReference; explicitFileType = wrapper.application; includeInIndex = 0; path = "PadlanDanica-HW10.app"; sourceTree = BUILT_PRODUCTS_DIR; };
		34B47FFB2B169BDC00BA0F74 /* AppDelegate.swift */ = {isa = PBXFileReference; lastKnownFileType = sourcecode.swift; path = AppDelegate.swift; sourceTree = "<group>"; };
		34B47FFD2B169BDC00BA0F74 /* SceneDelegate.swift */ = {isa = PBXFileReference; lastKnownFileType = sourcecode.swift; path = SceneDelegate.swift; sourceTree = "<group>"; };
		34B47FFF2B169BDC00BA0F74 /* MainViewController.swift */ = {isa = PBXFileReference; lastKnownFileType = sourcecode.swift; path = MainViewController.swift; sourceTree = "<group>"; };
		34B480022B169BDC00BA0F74 /* Base */ = {isa = PBXFileReference; lastKnownFileType = file.storyboard; name = Base; path = Base.lproj/Main.storyboard; sourceTree = "<group>"; };
		34B480052B169BDC00BA0F74 /* PadlanDanica_HW10.xcdatamodel */ = {isa = PBXFileReference; lastKnownFileType = wrapper.xcdatamodel; path = PadlanDanica_HW10.xcdatamodel; sourceTree = "<group>"; };
		34B480072B169BDD00BA0F74 /* Assets.xcassets */ = {isa = PBXFileReference; lastKnownFileType = folder.assetcatalog; path = Assets.xcassets; sourceTree = "<group>"; };
		34B4800A2B169BDD00BA0F74 /* Base */ = {isa = PBXFileReference; lastKnownFileType = file.storyboard; name = Base; path = Base.lproj/LaunchScreen.storyboard; sourceTree = "<group>"; };
		34B4800C2B169BDD00BA0F74 /* Info.plist */ = {isa = PBXFileReference; lastKnownFileType = text.plist.xml; path = Info.plist; sourceTree = "<group>"; };
		34B480122B169C9F00BA0F74 /* DetailViewController.swift */ = {isa = PBXFileReference; lastKnownFileType = sourcecode.swift; path = DetailViewController.swift; sourceTree = "<group>"; };
		34B480142B169FA800BA0F74 /* CustomCollectionViewCell.swift */ = {isa = PBXFileReference; lastKnownFileType = sourcecode.swift; path = CustomCollectionViewCell.swift; sourceTree = "<group>"; };
/* End PBXFileReference section */

/* Begin PBXFrameworksBuildPhase section */
		34B47FF52B169BDC00BA0F74 /* Frameworks */ = {
			isa = PBXFrameworksBuildPhase;
			buildActionMask = 2147483647;
			files = (
			);
			runOnlyForDeploymentPostprocessing = 0;
		};
/* End PBXFrameworksBuildPhase section */

/* Begin PBXGroup section */
		34B47FEF2B169BDC00BA0F74 = {
			isa = PBXGroup;
			children = (
				34B47FFA2B169BDC00BA0F74 /* PadlanDanica-HW10 */,
				34B47FF92B169BDC00BA0F74 /* Products */,
			);
			sourceTree = "<group>";
		};
		34B47FF92B169BDC00BA0F74 /* Products */ = {
			isa = PBXGroup;
			children = (
				34B47FF82B169BDC00BA0F74 /* PadlanDanica-HW10.app */,
			);
			name = Products;
			sourceTree = "<group>";
		};
		34B47FFA2B169BDC00BA0F74 /* PadlanDanica-HW10 */ = {
			isa = PBXGroup;
			children = (
				34B47FFB2B169BDC00BA0F74 /* AppDelegate.swift */,
				34B47FFD2B169BDC00BA0F74 /* SceneDelegate.swift */,
				34B47FFF2B169BDC00BA0F74 /* MainViewController.swift */,
				34B480142B169FA800BA0F74 /* CustomCollectionViewCell.swift */,
				34B480012B169BDC00BA0F74 /* Main.storyboard */,
				34B480122B169C9F00BA0F74 /* DetailViewController.swift */,
				34B480072B169BDD00BA0F74 /* Assets.xcassets */,
				34B480092B169BDD00BA0F74 /* LaunchScreen.storyboard */,
				34B4800C2B169BDD00BA0F74 /* Info.plist */,
				34B480042B169BDC00BA0F74 /* PadlanDanica_HW10.xcdatamodeld */,
			);
			path = "PadlanDanica-HW10";
			sourceTree = "<group>";
		};
/* End PBXGroup section */

/* Begin PBXNativeTarget section */
		34B47FF72B169BDC00BA0F74 /* PadlanDanica-HW10 */ = {
			isa = PBXNativeTarget;
			buildConfigurationList = 34B4800F2B169BDD00BA0F74 /* Build configuration list for PBXNativeTarget "PadlanDanica-HW10" */;
			buildPhases = (
				34B47FF42B169BDC00BA0F74 /* Sources */,
				34B47FF52B169BDC00BA0F74 /* Frameworks */,
				34B47FF62B169BDC00BA0F74 /* Resources */,
			);
			buildRules = (
			);
			dependencies = (
			);
			name = "PadlanDanica-HW10";
			productName = "PadlanDanica-HW10";
			productReference = 34B47FF82B169BDC00BA0F74 /* PadlanDanica-HW10.app */;
			productType = "com.apple.product-type.application";
		};
/* End PBXNativeTarget section */

/* Begin PBXProject section */
		34B47FF02B169BDC00BA0F74 /* Project object */ = {
			isa = PBXProject;
			attributes = {
				BuildIndependentTargetsInParallel = 1;
				LastSwiftUpdateCheck = 1500;
				LastUpgradeCheck = 1500;
				TargetAttributes = {
					34B47FF72B169BDC00BA0F74 = {
						CreatedOnToolsVersion = 15.0.1;
					};
				};
			};
			buildConfigurationList = 34B47FF32B169BDC00BA0F74 /* Build configuration list for PBXProject "PadlanDanica-HW10" */;
			compatibilityVersion = "Xcode 14.0";
			developmentRegion = en;
			hasScannedForEncodings = 0;
			knownRegions = (
				en,
				Base,
			);
			mainGroup = 34B47FEF2B169BDC00BA0F74;
			productRefGroup = 34B47FF92B169BDC00BA0F74 /* Products */;
			projectDirPath = "";
			projectRoot = "";
			targets = (
				34B47FF72B169BDC00BA0F74 /* PadlanDanica-HW10 */,
			);
		};
/* End PBXProject section */

/* Begin PBXResourcesBuildPhase section */
		34B47FF62B169BDC00BA0F74 /* Resources */ = {
			isa = PBXResourcesBuildPhase;
			buildActionMask = 2147483647;
			files = (
				34B4800B2B169BDD00BA0F74 /* LaunchScreen.storyboard in Resources */,
				34B480082B169BDD00BA0F74 /* Assets.xcassets in Resources */,
				34B480032B169BDC00BA0F74 /* Main.storyboard in Resources */,
			);
			runOnlyForDeploymentPostprocessing = 0;
		};
/* End PBXResourcesBuildPhase section */

/* Begin PBXSourcesBuildPhase section */
		34B47FF42B169BDC00BA0F74 /* Sources */ = {
			isa = PBXSourcesBuildPhase;
			buildActionMask = 2147483647;
			files = (
				34B480002B169BDC00BA0F74 /* MainViewController.swift in Sources */,
				34B480152B169FA800BA0F74 /* CustomCollectionViewCell.swift in Sources */,
				34B480062B169BDC00BA0F74 /* PadlanDanica_HW10.xcdatamodeld in Sources */,
				34B480132B169C9F00BA0F74 /* DetailViewController.swift in Sources */,
				34B47FFC2B169BDC00BA0F74 /* AppDelegate.swift in Sources */,
				34B47FFE2B169BDC00BA0F74 /* SceneDelegate.swift in Sources */,
			);
			runOnlyForDeploymentPostprocessing = 0;
		};
/* End PBXSourcesBuildPhase section */

/* Begin PBXVariantGroup section */
		34B480012B169BDC00BA0F74 /* Main.storyboard */ = {
			isa = PBXVariantGroup;
			children = (
				34B480022B169BDC00BA0F74 /* Base */,
			);
			name = Main.storyboard;
			sourceTree = "<group>";
		};
		34B480092B169BDD00BA0F74 /* LaunchScreen.storyboard */ = {
			isa = PBXVariantGroup;
			children = (
				34B4800A2B169BDD00BA0F74 /* Base */,
			);
			name = LaunchScreen.storyboard;
			sourceTree = "<group>";
		};
/* End PBXVariantGroup section */

/* Begin XCBuildConfiguration section */
		34B4800D2B169BDD00BA0F74 /* Debug */ = {
			isa = XCBuildConfiguration;
			buildSettings = {
				ALWAYS_SEARCH_USER_PATHS = NO;
				ASSETCATALOG_COMPILER_GENERATE_SWIFT_ASSET_SYMBOL_EXTENSIONS = YES;
				CLANG_ANALYZER_NONNULL = YES;
				CLANG_ANALYZER_NUMBER_OBJECT_CONVERSION = YES_AGGRESSIVE;
				CLANG_CXX_LANGUAGE_STANDARD = "gnu++20";
				CLANG_ENABLE_MODULES = YES;
				CLANG_ENABLE_OBJC_ARC = YES;
				CLANG_ENABLE_OBJC_WEAK = YES;
				CLANG_WARN_BLOCK_CAPTURE_AUTORELEASING = YES;
				CLANG_WARN_BOOL_CONVERSION = YES;
				CLANG_WARN_COMMA = YES;
				CLANG_WARN_CONSTANT_CONVERSION = YES;
				CLANG_WARN_DEPRECATED_OBJC_IMPLEMENTATIONS = YES;
				CLANG_WARN_DIRECT_OBJC_ISA_USAGE = YES_ERROR;
				CLANG_WARN_DOCUMENTATION_COMMENTS = YES;
				CLANG_WARN_EMPTY_BODY = YES;
				CLANG_WARN_ENUM_CONVERSION = YES;
				CLANG_WARN_INFINITE_RECURSION = YES;
				CLANG_WARN_INT_CONVERSION = YES;
				CLANG_WARN_NON_LITERAL_NULL_CONVERSION = YES;
				CLANG_WARN_OBJC_IMPLICIT_RETAIN_SELF = YES;
				CLANG_WARN_OBJC_LITERAL_CONVERSION = YES;
				CLANG_WARN_OBJC_ROOT_CLASS = YES_ERROR;
				CLANG_WARN_QUOTED_INCLUDE_IN_FRAMEWORK_HEADER = YES;
				CLANG_WARN_RANGE_LOOP_ANALYSIS = YES;
				CLANG_WARN_STRICT_PROTOTYPES = YES;
				CLANG_WARN_SUSPICIOUS_MOVE = YES;
				CLANG_WARN_UNGUARDED_AVAILABILITY = YES_AGGRESSIVE;
				CLANG_WARN_UNREACHABLE_CODE = YES;
				CLANG_WARN__DUPLICATE_METHOD_MATCH = YES;
				COPY_PHASE_STRIP = NO;
				DEBUG_INFORMATION_FORMAT = dwarf;
				ENABLE_STRICT_OBJC_MSGSEND = YES;
				ENABLE_TESTABILITY = YES;
				ENABLE_USER_SCRIPT_SANDBOXING = YES;
				GCC_C_LANGUAGE_STANDARD = gnu17;
				GCC_DYNAMIC_NO_PIC = NO;
				GCC_NO_COMMON_BLOCKS = YES;
				GCC_OPTIMIZATION_LEVEL = 0;
				GCC_PREPROCESSOR_DEFINITIONS = (
					"DEBUG=1",
					"$(inherited)",
				);
				GCC_WARN_64_TO_32_BIT_CONVERSION = YES;
				GCC_WARN_ABOUT_RETURN_TYPE = YES_ERROR;
				GCC_WARN_UNDECLARED_SELECTOR = YES;
				GCC_WARN_UNINITIALIZED_AUTOS = YES_AGGRESSIVE;
				GCC_WARN_UNUSED_FUNCTION = YES;
				GCC_WARN_UNUSED_VARIABLE = YES;
				IPHONEOS_DEPLOYMENT_TARGET = 17.0;
				LOCALIZATION_PREFERS_STRING_CATALOGS = YES;
				MTL_ENABLE_DEBUG_INFO = INCLUDE_SOURCE;
				MTL_FAST_MATH = YES;
				ONLY_ACTIVE_ARCH = YES;
				SDKROOT = iphoneos;
				SWIFT_ACTIVE_COMPILATION_CONDITIONS = "DEBUG $(inherited)";
				SWIFT_OPTIMIZATION_LEVEL = "-Onone";
			};
			name = Debug;
		};
		34B4800E2B169BDD00BA0F74 /* Release */ = {
			isa = XCBuildConfiguration;
			buildSettings = {
				ALWAYS_SEARCH_USER_PATHS = NO;
				ASSETCATALOG_COMPILER_GENERATE_SWIFT_ASSET_SYMBOL_EXTENSIONS = YES;
				CLANG_ANALYZER_NONNULL = YES;
				CLANG_ANALYZER_NUMBER_OBJECT_CONVERSION = YES_AGGRESSIVE;
				CLANG_CXX_LANGUAGE_STANDARD = "gnu++20";
				CLANG_ENABLE_MODULES = YES;
				CLANG_ENABLE_OBJC_ARC = YES;
				CLANG_ENABLE_OBJC_WEAK = YES;
				CLANG_WARN_BLOCK_CAPTURE_AUTORELEASING = YES;
				CLANG_WARN_BOOL_CONVERSION = YES;
				CLANG_WARN_COMMA = YES;
				CLANG_WARN_CONSTANT_CONVERSION = YES;
				CLANG_WARN_DEPRECATED_OBJC_IMPLEMENTATIONS = YES;
				CLANG_WARN_DIRECT_OBJC_ISA_USAGE = YES_ERROR;
				CLANG_WARN_DOCUMENTATION_COMMENTS = YES;
				CLANG_WARN_EMPTY_BODY = YES;
				CLANG_WARN_ENUM_CONVERSION = YES;
				CLANG_WARN_INFINITE_RECURSION = YES;
				CLANG_WARN_INT_CONVERSION = YES;
				CLANG_WARN_NON_LITERAL_NULL_CONVERSION = YES;
				CLANG_WARN_OBJC_IMPLICIT_RETAIN_SELF = YES;
				CLANG_WARN_OBJC_LITERAL_CONVERSION = YES;
				CLANG_WARN_OBJC_ROOT_CLASS = YES_ERROR;
				CLANG_WARN_QUOTED_INCLUDE_IN_FRAMEWORK_HEADER = YES;
				CLANG_WARN_RANGE_LOOP_ANALYSIS = YES;
				CLANG_WARN_STRICT_PROTOTYPES = YES;
				CLANG_WARN_SUSPICIOUS_MOVE = YES;
				CLANG_WARN_UNGUARDED_AVAILABILITY = YES_AGGRESSIVE;
				CLANG_WARN_UNREACHABLE_CODE = YES;
				CLANG_WARN__DUPLICATE_METHOD_MATCH = YES;
				COPY_PHASE_STRIP = NO;
				DEBUG_INFORMATION_FORMAT = "dwarf-with-dsym";
				ENABLE_NS_ASSERTIONS = NO;
				ENABLE_STRICT_OBJC_MSGSEND = YES;
				ENABLE_USER_SCRIPT_SANDBOXING = YES;
				GCC_C_LANGUAGE_STANDARD = gnu17;
				GCC_NO_COMMON_BLOCKS = YES;
				GCC_WARN_64_TO_32_BIT_CONVERSION = YES;
				GCC_WARN_ABOUT_RETURN_TYPE = YES_ERROR;
				GCC_WARN_UNDECLARED_SELECTOR = YES;
				GCC_WARN_UNINITIALIZED_AUTOS = YES_AGGRESSIVE;
				GCC_WARN_UNUSED_FUNCTION = YES;
				GCC_WARN_UNUSED_VARIABLE = YES;
				IPHONEOS_DEPLOYMENT_TARGET = 17.0;
				LOCALIZATION_PREFERS_STRING_CATALOGS = YES;
				MTL_ENABLE_DEBUG_INFO = NO;
				MTL_FAST_MATH = YES;
				SDKROOT = iphoneos;
				SWIFT_COMPILATION_MODE = wholemodule;
				VALIDATE_PRODUCT = YES;
			};
			name = Release;
		};
		34B480102B169BDD00BA0F74 /* Debug */ = {
			isa = XCBuildConfiguration;
			buildSettings = {
				ASSETCATALOG_COMPILER_APPICON_NAME = AppIcon;
				ASSETCATALOG_COMPILER_GLOBAL_ACCENT_COLOR_NAME = AccentColor;
				CODE_SIGN_STYLE = Automatic;
				CURRENT_PROJECT_VERSION = 1;
				DEVELOPMENT_TEAM = 2LZ22D9N74;
				GENERATE_INFOPLIST_FILE = YES;
				INFOPLIST_FILE = "PadlanDanica-HW10/Info.plist";
				INFOPLIST_KEY_UIApplicationSupportsIndirectInputEvents = YES;
				INFOPLIST_KEY_UILaunchStoryboardName = LaunchScreen;
				INFOPLIST_KEY_UIMainStoryboardFile = Main;
				INFOPLIST_KEY_UISupportedInterfaceOrientations_iPad = "UIInterfaceOrientationPortrait UIInterfaceOrientationPortraitUpsideDown UIInterfaceOrientationLandscapeLeft UIInterfaceOrientationLandscapeRight";
				INFOPLIST_KEY_UISupportedInterfaceOrientations_iPhone = "UIInterfaceOrientationPortrait UIInterfaceOrientationLandscapeLeft UIInterfaceOrientationLandscapeRight";
				LD_RUNPATH_SEARCH_PATHS = (
					"$(inherited)",
					"@executable_path/Frameworks",
				);
				MARKETING_VERSION = 1.0;
				PRODUCT_BUNDLE_IDENTIFIER = "CS371L.PadlanDanica-HW10";
				PRODUCT_NAME = "$(TARGET_NAME)";
				SWIFT_EMIT_LOC_STRINGS = YES;
				SWIFT_VERSION = 5.0;
				TARGETED_DEVICE_FAMILY = "1,2";
			};
			name = Debug;
		};
		34B480112B169BDD00BA0F74 /* Release */ = {
			isa = XCBuildConfiguration;
			buildSettings = {
				ASSETCATALOG_COMPILER_APPICON_NAME = AppIcon;
				ASSETCATALOG_COMPILER_GLOBAL_ACCENT_COLOR_NAME = AccentColor;
				CODE_SIGN_STYLE = Automatic;
				CURRENT_PROJECT_VERSION = 1;
				DEVELOPMENT_TEAM = 2LZ22D9N74;
				GENERATE_INFOPLIST_FILE = YES;
				INFOPLIST_FILE = "PadlanDanica-HW10/Info.plist";
				INFOPLIST_KEY_UIApplicationSupportsIndirectInputEvents = YES;
				INFOPLIST_KEY_UILaunchStoryboardName = LaunchScreen;
				INFOPLIST_KEY_UIMainStoryboardFile = Main;
				INFOPLIST_KEY_UISupportedInterfaceOrientations_iPad = "UIInterfaceOrientationPortrait UIInterfaceOrientationPortraitUpsideDown UIInterfaceOrientationLandscapeLeft UIInterfaceOrientationLandscapeRight";
				INFOPLIST_KEY_UISupportedInterfaceOrientations_iPhone = "UIInterfaceOrientationPortrait UIInterfaceOrientationLandscapeLeft UIInterfaceOrientationLandscapeRight";
				LD_RUNPATH_SEARCH_PATHS = (
					"$(inherited)",
					"@executable_path/Frameworks",
				);
				MARKETING_VERSION = 1.0;
				PRODUCT_BUNDLE_IDENTIFIER = "CS371L.PadlanDanica-HW10";
				PRODUCT_NAME = "$(TARGET_NAME)";
				SWIFT_EMIT_LOC_STRINGS = YES;
				SWIFT_VERSION = 5.0;
				TARGETED_DEVICE_FAMILY = "1,2";
			};
			name = Release;
		};
/* End XCBuildConfiguration section */

/* Begin XCConfigurationList section */
		34B47FF32B169BDC00BA0F74 /* Build configuration list for PBXProject "PadlanDanica-HW10" */ = {
			isa = XCConfigurationList;
			buildConfigurations = (
				34B4800D2B169BDD00BA0F74 /* Debug */,
				34B4800E2B169BDD00BA0F74 /* Release */,
			);
			defaultConfigurationIsVisible = 0;
			defaultConfigurationName = Release;
		};
		34B4800F2B169BDD00BA0F74 /* Build configuration list for PBXNativeTarget "PadlanDanica-HW10" */ = {
			isa = XCConfigurationList;
			buildConfigurations = (
				34B480102B169BDD00BA0F74 /* Debug */,
				34B480112B169BDD00BA0F74 /* Release */,
			);
			defaultConfigurationIsVisible = 0;
			defaultConfigurationName = Release;
		};
/* End XCConfigurationList section */

/* Begin XCVersionGroup section */
		34B480042B169BDC00BA0F74 /* PadlanDanica_HW10.xcdatamodeld */ = {
			isa = XCVersionGroup;
			children = (
				34B480052B169BDC00BA0F74 /* PadlanDanica_HW10.xcdatamodel */,
			);
			currentVersion = 34B480052B169BDC00BA0F74 /* PadlanDanica_HW10.xcdatamodel */;
			path = PadlanDanica_HW10.xcdatamodeld;
			sourceTree = "<group>";
			versionGroupType = wrapper.xcdatamodel;
		};
/* End XCVersionGroup section */
	};
	rootObject = 34B47FF02B169BDC00BA0F74 /* Project object */;
}
